{
  "name": "lito",
  "lockfileVersion": 2,
  "requires": true,
  "packages": {
    "": {
      "name": "lito",
      "hasInstallScript": true,
      "dependencies": {
        "@sentry/react": "^6.13.2",
        "@sentry/tracing": "^6.13.2"
      }
    },
    "node_modules/@sentry/browser": {
      "version": "6.13.2",
      "resolved": "https://registry.npmjs.org/@sentry/browser/-/browser-6.13.2.tgz",
      "integrity": "sha512-bkFXK4vAp2UX/4rQY0pj2Iky55Gnwr79CtveoeeMshoLy5iDgZ8gvnLNAz7om4B9OQk1u7NzLEa4IXAmHTUyag==",
      "dependencies": {
        "@sentry/core": "6.13.2",
        "@sentry/types": "6.13.2",
        "@sentry/utils": "6.13.2",
        "tslib": "^1.9.3"
      },
      "engines": {
        "node": ">=6"
      }
    },
    "node_modules/@sentry/core": {
      "version": "6.13.2",
      "resolved": "https://registry.npmjs.org/@sentry/core/-/core-6.13.2.tgz",
      "integrity": "sha512-snXNNFLwlS7yYxKTX4DBXebvJK+6ikBWN6noQ1CHowvM3ReFBlrdrs0Z0SsSFEzXm2S4q7f6HHbm66GSQZ/8FQ==",
      "dependencies": {
        "@sentry/hub": "6.13.2",
        "@sentry/minimal": "6.13.2",
        "@sentry/types": "6.13.2",
        "@sentry/utils": "6.13.2",
        "tslib": "^1.9.3"
      },
      "engines": {
        "node": ">=6"
      }
    },
    "node_modules/@sentry/hub": {
      "version": "6.13.2",
      "resolved": "https://registry.npmjs.org/@sentry/hub/-/hub-6.13.2.tgz",
      "integrity": "sha512-sppSuJdNMiMC/vFm/dQowCBh11uTrmvks00fc190YWgxHshodJwXMdpc+pN61VSOmy2QA4MbQ5aMAgHzPzel3A==",
      "dependencies": {
        "@sentry/types": "6.13.2",
        "@sentry/utils": "6.13.2",
        "tslib": "^1.9.3"
      },
      "engines": {
        "node": ">=6"
      }
    },
    "node_modules/@sentry/minimal": {
      "version": "6.13.2",
      "resolved": "https://registry.npmjs.org/@sentry/minimal/-/minimal-6.13.2.tgz",
      "integrity": "sha512-6iJfEvHzzpGBHDfLxSHcGObh73XU1OSQKWjuhDOe7UQDyI4BQmTfcXAC+Fr8sm8C/tIsmpVi/XJhs8cubFdSMw==",
      "dependencies": {
        "@sentry/hub": "6.13.2",
        "@sentry/types": "6.13.2",
        "tslib": "^1.9.3"
      },
      "engines": {
        "node": ">=6"
      }
    },
    "node_modules/@sentry/react": {
      "version": "6.13.2",
      "resolved": "https://registry.npmjs.org/@sentry/react/-/react-6.13.2.tgz",
      "integrity": "sha512-aLkWyn697LTcmK1PPnUg5UJcyBUPoI68motqgBY53SIYDAwOeYNUQt2aanDuOTY5aE2PdnJwU48klA8vuYkoRQ==",
      "dependencies": {
        "@sentry/browser": "6.13.2",
        "@sentry/minimal": "6.13.2",
        "@sentry/types": "6.13.2",
        "@sentry/utils": "6.13.2",
        "hoist-non-react-statics": "^3.3.2",
        "tslib": "^1.9.3"
      },
      "engines": {
        "node": ">=6"
      },
      "peerDependencies": {
        "react": "15.x || 16.x || 17.x"
      }
    },
    "node_modules/@sentry/tracing": {
      "version": "6.13.2",
      "resolved": "https://registry.npmjs.org/@sentry/tracing/-/tracing-6.13.2.tgz",
      "integrity": "sha512-bHJz+C/nd6biWTNcYAu91JeRilsvVgaye4POkdzWSmD0XoLWHVMrpCQobGpXe7onkp2noU3YQjhqgtBqPHtnpw==",
      "dependencies": {
        "@sentry/hub": "6.13.2",
        "@sentry/minimal": "6.13.2",
        "@sentry/types": "6.13.2",
        "@sentry/utils": "6.13.2",
        "tslib": "^1.9.3"
      },
      "engines": {
        "node": ">=6"
      }
    },
    "node_modules/@sentry/types": {
      "version": "6.13.2",
      "resolved": "https://registry.npmjs.org/@sentry/types/-/types-6.13.2.tgz",
      "integrity": "sha512-6WjGj/VjjN8LZDtqJH5ikeB1o39rO1gYS6anBxiS3d0sXNBb3Ux0pNNDFoBxQpOhmdDHXYS57MEptX9EV82gmg==",
      "engines": {
        "node": ">=6"
      }
    },
    "node_modules/@sentry/utils": {
      "version": "6.13.2",
      "resolved": "https://registry.npmjs.org/@sentry/utils/-/utils-6.13.2.tgz",
      "integrity": "sha512-foF4PbxqPMWNbuqdXkdoOmKm3quu3PP7Q7j/0pXkri4DtCuvF/lKY92mbY0V9rHS/phCoj+3/Se5JvM2ymh2/w==",
      "dependencies": {
        "@sentry/types": "6.13.2",
        "tslib": "^1.9.3"
      },
      "engines": {
        "node": ">=6"
      }
    },
    "node_modules/hoist-non-react-statics": {
      "version": "3.3.2",
      "resolved": "https://registry.npmjs.org/hoist-non-react-statics/-/hoist-non-react-statics-3.3.2.tgz",
      "integrity": "sha512-/gGivxi8JPKWNm/W0jSmzcMPpfpPLc3dY/6GxhX2hQ9iGj3aDfklV4ET7NjKpSinLpJ5vafa9iiGIEZg10SfBw==",
      "dependencies": {
        "react-is": "^16.7.0"
      }
    },
    "node_modules/js-tokens": {
      "version": "4.0.0",
      "resolved": "https://registry.npmjs.org/js-tokens/-/js-tokens-4.0.0.tgz",
      "integrity": "sha512-RdJUflcE3cUzKiMqQgsCu06FPu9UdIJO0beYbPhHN4k6apgJtifcoCtT9bcxOpYBtpD2kCM6Sbzg4CausW/PKQ==",
      "peer": true
    },
    "node_modules/loose-envify": {
      "version": "1.4.0",
      "resolved": "https://registry.npmjs.org/loose-envify/-/loose-envify-1.4.0.tgz",
      "integrity": "sha512-lyuxPGr/Wfhrlem2CL/UcnUc1zcqKAImBDzukY7Y5F/yQiNdko6+fRLevlw1HgMySw7f611UIY408EtxRSoK3Q==",
      "peer": true,
      "dependencies": {
        "js-tokens": "^3.0.0 || ^4.0.0"
      },
      "bin": {
        "loose-envify": "cli.js"
      }
    },
    "node_modules/object-assign": {
      "version": "4.1.1",
      "resolved": "https://registry.npmjs.org/object-assign/-/object-assign-4.1.1.tgz",
      "integrity": "sha1-IQmtx5ZYh8/AXLvUQsrIv7s2CGM=",
      "peer": true,
      "engines": {
        "node": ">=0.10.0"
      }
    },
    "node_modules/react": {
      "version": "17.0.2",
      "resolved": "https://registry.npmjs.org/react/-/react-17.0.2.tgz",
      "integrity": "sha512-gnhPt75i/dq/z3/6q/0asP78D0u592D5L1pd7M8P+dck6Fu/jJeL6iVVK23fptSUZj8Vjf++7wXA8UNclGQcbA==",
      "peer": true,
      "dependencies": {
        "loose-envify": "^1.1.0",
        "object-assign": "^4.1.1"
      },
      "engines": {
        "node": ">=0.10.0"
      }
    },
    "node_modules/react-is": {
      "version": "16.13.1",
      "resolved": "https://registry.npmjs.org/react-is/-/react-is-16.13.1.tgz",
      "integrity": "sha512-24e6ynE2H+OKt4kqsOvNd8kBpV65zoxbA4BVsEOB3ARVWQki/DHzaUoC5KuON/BiccDaCCTZBuOcfZs70kR8bQ=="
    },
    "node_modules/tslib": {
      "version": "1.14.1",
      "resolved": "https://registry.npmjs.org/tslib/-/tslib-1.14.1.tgz",
      "integrity": "sha512-Xni35NKzjgMrwevysHTCArtLDpPvye8zV/0E4EyYn43P7/7qvQwPh9BGkHewbMulVntbigmcT7rdX3BNo9wRJg=="
    }
  },
  "dependencies": {
    "@sentry/browser": {
      "version": "6.13.2",
      "resolved": "https://registry.npmjs.org/@sentry/browser/-/browser-6.13.2.tgz",
      "integrity": "sha512-bkFXK4vAp2UX/4rQY0pj2Iky55Gnwr79CtveoeeMshoLy5iDgZ8gvnLNAz7om4B9OQk1u7NzLEa4IXAmHTUyag==",
      "requires": {
        "@sentry/core": "6.13.2",
        "@sentry/types": "6.13.2",
        "@sentry/utils": "6.13.2",
        "tslib": "^1.9.3"
      }
    },
    "@sentry/core": {
      "version": "6.13.2",
      "resolved": "https://registry.npmjs.org/@sentry/core/-/core-6.13.2.tgz",
      "integrity": "sha512-snXNNFLwlS7yYxKTX4DBXebvJK+6ikBWN6noQ1CHowvM3ReFBlrdrs0Z0SsSFEzXm2S4q7f6HHbm66GSQZ/8FQ==",
      "requires": {
        "@sentry/hub": "6.13.2",
        "@sentry/minimal": "6.13.2",
        "@sentry/types": "6.13.2",
        "@sentry/utils": "6.13.2",
        "tslib": "^1.9.3"
      }
    },
    "@sentry/hub": {
      "version": "6.13.2",
      "resolved": "https://registry.npmjs.org/@sentry/hub/-/hub-6.13.2.tgz",
      "integrity": "sha512-sppSuJdNMiMC/vFm/dQowCBh11uTrmvks00fc190YWgxHshodJwXMdpc+pN61VSOmy2QA4MbQ5aMAgHzPzel3A==",
      "requires": {
        "@sentry/types": "6.13.2",
        "@sentry/utils": "6.13.2",
        "tslib": "^1.9.3"
      }
    },
    "@sentry/minimal": {
      "version": "6.13.2",
      "resolved": "https://registry.npmjs.org/@sentry/minimal/-/minimal-6.13.2.tgz",
      "integrity": "sha512-6iJfEvHzzpGBHDfLxSHcGObh73XU1OSQKWjuhDOe7UQDyI4BQmTfcXAC+Fr8sm8C/tIsmpVi/XJhs8cubFdSMw==",
      "requires": {
        "@sentry/hub": "6.13.2",
        "@sentry/types": "6.13.2",
        "tslib": "^1.9.3"
      }
    },
    "@sentry/react": {
      "version": "6.13.2",
      "resolved": "https://registry.npmjs.org/@sentry/react/-/react-6.13.2.tgz",
      "integrity": "sha512-aLkWyn697LTcmK1PPnUg5UJcyBUPoI68motqgBY53SIYDAwOeYNUQt2aanDuOTY5aE2PdnJwU48klA8vuYkoRQ==",
      "requires": {
        "@sentry/browser": "6.13.2",
        "@sentry/minimal": "6.13.2",
        "@sentry/types": "6.13.2",
        "@sentry/utils": "6.13.2",
        "hoist-non-react-statics": "^3.3.2",
        "tslib": "^1.9.3"
      }
    },
    "@sentry/tracing": {
      "version": "6.13.2",
      "resolved": "https://registry.npmjs.org/@sentry/tracing/-/tracing-6.13.2.tgz",
      "integrity": "sha512-bHJz+C/nd6biWTNcYAu91JeRilsvVgaye4POkdzWSmD0XoLWHVMrpCQobGpXe7onkp2noU3YQjhqgtBqPHtnpw==",
      "requires": {
        "@sentry/hub": "6.13.2",
        "@sentry/minimal": "6.13.2",
        "@sentry/types": "6.13.2",
        "@sentry/utils": "6.13.2",
        "tslib": "^1.9.3"
      }
    },
    "@sentry/types": {
      "version": "6.13.2",
      "resolved": "https://registry.npmjs.org/@sentry/types/-/types-6.13.2.tgz",
      "integrity": "sha512-6WjGj/VjjN8LZDtqJH5ikeB1o39rO1gYS6anBxiS3d0sXNBb3Ux0pNNDFoBxQpOhmdDHXYS57MEptX9EV82gmg=="
    },
    "@sentry/utils": {
      "version": "6.13.2",
      "resolved": "https://registry.npmjs.org/@sentry/utils/-/utils-6.13.2.tgz",
      "integrity": "sha512-foF4PbxqPMWNbuqdXkdoOmKm3quu3PP7Q7j/0pXkri4DtCuvF/lKY92mbY0V9rHS/phCoj+3/Se5JvM2ymh2/w==",
      "requires": {
        "@sentry/types": "6.13.2",
        "tslib": "^1.9.3"
      }
    },
    "hoist-non-react-statics": {
      "version": "3.3.2",
      "resolved": "https://registry.npmjs.org/hoist-non-react-statics/-/hoist-non-react-statics-3.3.2.tgz",
      "integrity": "sha512-/gGivxi8JPKWNm/W0jSmzcMPpfpPLc3dY/6GxhX2hQ9iGj3aDfklV4ET7NjKpSinLpJ5vafa9iiGIEZg10SfBw==",
      "requires": {
        "react-is": "^16.7.0"
      }
    },
    "js-tokens": {
      "version": "4.0.0",
      "resolved": "https://registry.npmjs.org/js-tokens/-/js-tokens-4.0.0.tgz",
      "integrity": "sha512-RdJUflcE3cUzKiMqQgsCu06FPu9UdIJO0beYbPhHN4k6apgJtifcoCtT9bcxOpYBtpD2kCM6Sbzg4CausW/PKQ==",
      "peer": true
    },
    "loose-envify": {
      "version": "1.4.0",
      "resolved": "https://registry.npmjs.org/loose-envify/-/loose-envify-1.4.0.tgz",
      "integrity": "sha512-lyuxPGr/Wfhrlem2CL/UcnUc1zcqKAImBDzukY7Y5F/yQiNdko6+fRLevlw1HgMySw7f611UIY408EtxRSoK3Q==",
      "peer": true,
      "requires": {
        "js-tokens": "^3.0.0 || ^4.0.0"
      }
    },
    "object-assign": {
      "version": "4.1.1",
      "resolved": "https://registry.npmjs.org/object-assign/-/object-assign-4.1.1.tgz",
      "integrity": "sha1-IQmtx5ZYh8/AXLvUQsrIv7s2CGM=",
      "peer": true
    },
    "react": {
      "version": "17.0.2",
      "resolved": "https://registry.npmjs.org/react/-/react-17.0.2.tgz",
      "integrity": "sha512-gnhPt75i/dq/z3/6q/0asP78D0u592D5L1pd7M8P+dck6Fu/jJeL6iVVK23fptSUZj8Vjf++7wXA8UNclGQcbA==",
      "peer": true,
      "requires": {
        "loose-envify": "^1.1.0",
        "object-assign": "^4.1.1"
      }
    },
    "react-is": {
      "version": "16.13.1",
      "resolved": "https://registry.npmjs.org/react-is/-/react-is-16.13.1.tgz",
      "integrity": "sha512-24e6ynE2H+OKt4kqsOvNd8kBpV65zoxbA4BVsEOB3ARVWQki/DHzaUoC5KuON/BiccDaCCTZBuOcfZs70kR8bQ=="
    },
    "tslib": {
      "version": "1.14.1",
      "resolved": "https://registry.npmjs.org/tslib/-/tslib-1.14.1.tgz",
      "integrity": "sha512-Xni35NKzjgMrwevysHTCArtLDpPvye8zV/0E4EyYn43P7/7qvQwPh9BGkHewbMulVntbigmcT7rdX3BNo9wRJg=="
    }
  }
}
